// !$*UTF8*$!
{
	archiveVersion = 1;
	classes = {
	};
	objectVersion = 55;
	objects = {

/* Begin PBXBuildFile section */
		8AE78C9027F2BC7B00E79088 /* AppDelegate.m in Sources */ = {isa = PBXBuildFile; fileRef = 8AE78C8F27F2BC7B00E79088 /* AppDelegate.m */; };
		8AE78C9427F2BC7D00E79088 /* Assets.xcassets in Resources */ = {isa = PBXBuildFile; fileRef = 8AE78C9327F2BC7D00E79088 /* Assets.xcassets */; };
		8AE78C9727F2BC7D00E79088 /* LaunchScreen.storyboard in Resources */ = {isa = PBXBuildFile; fileRef = 8AE78C9527F2BC7D00E79088 /* LaunchScreen.storyboard */; };
		8AE78C9927F2BC7D00E79088 /* main.m in Sources */ = {isa = PBXBuildFile; fileRef = 8AE78C9827F2BC7D00E79088 /* main.m */; };
		8AE78CA127F2BCD900E79088 /* XHViewController.m in Sources */ = {isa = PBXBuildFile; fileRef = 8AE78CA027F2BCD900E79088 /* XHViewController.m */; };
		8AE78CA727F2BDC800E79088 /* XHTabbarViewController.m in Sources */ = {isa = PBXBuildFile; fileRef = 8AE78CA627F2BDC800E79088 /* XHTabbarViewController.m */; };
		8AE9ED1827F549E100C0F5C3 /* XHNavigationViewController.m in Sources */ = {isa = PBXBuildFile; fileRef = 8AE9ED1727F549E100C0F5C3 /* XHNavigationViewController.m */; };
		8AE9ED1C27F54B7700C0F5C3 /* XHHomeViewController.m in Sources */ = {isa = PBXBuildFile; fileRef = 8AE9ED1B27F54B7700C0F5C3 /* XHHomeViewController.m */; };
		8AE9ED1F27F5526100C0F5C3 /* XHServiceViewController.m in Sources */ = {isa = PBXBuildFile; fileRef = 8AE9ED1E27F5526100C0F5C3 /* XHServiceViewController.m */; };
		8AE9ED2327F5536000C0F5C3 /* XHShopViewController.m in Sources */ = {isa = PBXBuildFile; fileRef = 8AE9ED2227F5536000C0F5C3 /* XHShopViewController.m */; };
		8AE9ED2627F553E400C0F5C3 /* XHMineViewController.m in Sources */ = {isa = PBXBuildFile; fileRef = 8AE9ED2527F553E400C0F5C3 /* XHMineViewController.m */; };
		8AF469BE27FE78AC00259B78 /* XHTimerTestViewController.m in Sources */ = {isa = PBXBuildFile; fileRef = 8AF469BD27FE78AC00259B78 /* XHTimerTestViewController.m */; };
/* End PBXBuildFile section */

/* Begin PBXFileReference section */
		8AE78C8B27F2BC7B00E79088 /* AllEmbracing.app */ = {isa = PBXFileReference; explicitFileType = wrapper.application; includeInIndex = 0; path = AllEmbracing.app; sourceTree = BUILT_PRODUCTS_DIR; };
		8AE78C8E27F2BC7B00E79088 /* AppDelegate.h */ = {isa = PBXFileReference; lastKnownFileType = sourcecode.c.h; path = AppDelegate.h; sourceTree = "<group>"; };
		8AE78C8F27F2BC7B00E79088 /* AppDelegate.m */ = {isa = PBXFileReference; lastKnownFileType = sourcecode.c.objc; path = AppDelegate.m; sourceTree = "<group>"; };
		8AE78C9327F2BC7D00E79088 /* Assets.xcassets */ = {isa = PBXFileReference; lastKnownFileType = folder.assetcatalog; path = Assets.xcassets; sourceTree = "<group>"; };
		8AE78C9627F2BC7D00E79088 /* Base */ = {isa = PBXFileReference; lastKnownFileType = file.storyboard; name = Base; path = Base.lproj/LaunchScreen.storyboard; sourceTree = "<group>"; };
		8AE78C9827F2BC7D00E79088 /* main.m */ = {isa = PBXFileReference; lastKnownFileType = sourcecode.c.objc; path = main.m; sourceTree = "<group>"; };
		8AE78C9F27F2BCD900E79088 /* XHViewController.h */ = {isa = PBXFileReference; lastKnownFileType = sourcecode.c.h; path = XHViewController.h; sourceTree = "<group>"; };
		8AE78CA027F2BCD900E79088 /* XHViewController.m */ = {isa = PBXFileReference; lastKnownFileType = sourcecode.c.objc; path = XHViewController.m; sourceTree = "<group>"; };
		8AE78CA527F2BDC800E79088 /* XHTabbarViewController.h */ = {isa = PBXFileReference; lastKnownFileType = sourcecode.c.h; path = XHTabbarViewController.h; sourceTree = "<group>"; };
		8AE78CA627F2BDC800E79088 /* XHTabbarViewController.m */ = {isa = PBXFileReference; lastKnownFileType = sourcecode.c.objc; path = XHTabbarViewController.m; sourceTree = "<group>"; };
		8AE9ED1627F549E100C0F5C3 /* XHNavigationViewController.h */ = {isa = PBXFileReference; lastKnownFileType = sourcecode.c.h; path = XHNavigationViewController.h; sourceTree = "<group>"; };
		8AE9ED1727F549E100C0F5C3 /* XHNavigationViewController.m */ = {isa = PBXFileReference; lastKnownFileType = sourcecode.c.objc; path = XHNavigationViewController.m; sourceTree = "<group>"; };
		8AE9ED1A27F54B7700C0F5C3 /* XHHomeViewController.h */ = {isa = PBXFileReference; lastKnownFileType = sourcecode.c.h; path = XHHomeViewController.h; sourceTree = "<group>"; };
		8AE9ED1B27F54B7700C0F5C3 /* XHHomeViewController.m */ = {isa = PBXFileReference; lastKnownFileType = sourcecode.c.objc; path = XHHomeViewController.m; sourceTree = "<group>"; };
		8AE9ED1D27F5526100C0F5C3 /* XHServiceViewController.h */ = {isa = PBXFileReference; lastKnownFileType = sourcecode.c.h; path = XHServiceViewController.h; sourceTree = "<group>"; };
		8AE9ED1E27F5526100C0F5C3 /* XHServiceViewController.m */ = {isa = PBXFileReference; lastKnownFileType = sourcecode.c.objc; path = XHServiceViewController.m; sourceTree = "<group>"; };
		8AE9ED2127F5536000C0F5C3 /* XHShopViewController.h */ = {isa = PBXFileReference; lastKnownFileType = sourcecode.c.h; path = XHShopViewController.h; sourceTree = "<group>"; };
		8AE9ED2227F5536000C0F5C3 /* XHShopViewController.m */ = {isa = PBXFileReference; lastKnownFileType = sourcecode.c.objc; path = XHShopViewController.m; sourceTree = "<group>"; };
		8AE9ED2427F553E400C0F5C3 /* XHMineViewController.h */ = {isa = PBXFileReference; lastKnownFileType = sourcecode.c.h; path = XHMineViewController.h; sourceTree = "<group>"; };
		8AE9ED2527F553E400C0F5C3 /* XHMineViewController.m */ = {isa = PBXFileReference; lastKnownFileType = sourcecode.c.objc; path = XHMineViewController.m; sourceTree = "<group>"; };
		8AF469BC27FE78AC00259B78 /* XHTimerTestViewController.h */ = {isa = PBXFileReference; lastKnownFileType = sourcecode.c.h; path = XHTimerTestViewController.h; sourceTree = "<group>"; };
		8AF469BD27FE78AC00259B78 /* XHTimerTestViewController.m */ = {isa = PBXFileReference; lastKnownFileType = sourcecode.c.objc; path = XHTimerTestViewController.m; sourceTree = "<group>"; };
/* End PBXFileReference section */

/* Begin PBXFrameworksBuildPhase section */
		8AE78C8827F2BC7B00E79088 /* Frameworks */ = {
			isa = PBXFrameworksBuildPhase;
			buildActionMask = 2147483647;
			files = (
			);
			runOnlyForDeploymentPostprocessing = 0;
		};
/* End PBXFrameworksBuildPhase section */

/* Begin PBXGroup section */
		8AE78C8227F2BC7B00E79088 = {
			isa = PBXGroup;
			children = (
				8AE78C8D27F2BC7B00E79088 /* AllEmbracing */,
				8AE78C8C27F2BC7B00E79088 /* Products */,
			);
			sourceTree = "<group>";
		};
		8AE78C8C27F2BC7B00E79088 /* Products */ = {
			isa = PBXGroup;
			children = (
				8AE78C8B27F2BC7B00E79088 /* AllEmbracing.app */,
			);
			name = Products;
			sourceTree = "<group>";
		};
		8AE78C8D27F2BC7B00E79088 /* AllEmbracing */ = {
			isa = PBXGroup;
			children = (
				8AE78C8E27F2BC7B00E79088 /* AppDelegate.h */,
				8AE78C8F27F2BC7B00E79088 /* AppDelegate.m */,
				8AF469BB27FE782F00259B78 /* OtherController */,
				8AE9ED2027F5527400C0F5C3 /* BaseController */,
				8AE9ED1927F54B4800C0F5C3 /* ViewControllers */,
				8AE78C9327F2BC7D00E79088 /* Assets.xcassets */,
				8AE78C9527F2BC7D00E79088 /* LaunchScreen.storyboard */,
				8AE78C9827F2BC7D00E79088 /* main.m */,
			);
			path = AllEmbracing;
			sourceTree = "<group>";
		};
		8AE9ED1927F54B4800C0F5C3 /* ViewControllers */ = {
			isa = PBXGroup;
			children = (
				8AE9ED1A27F54B7700C0F5C3 /* XHHomeViewController.h */,
				8AE9ED1B27F54B7700C0F5C3 /* XHHomeViewController.m */,
				8AE9ED1D27F5526100C0F5C3 /* XHServiceViewController.h */,
				8AE9ED1E27F5526100C0F5C3 /* XHServiceViewController.m */,
				8AE9ED2127F5536000C0F5C3 /* XHShopViewController.h */,
				8AE9ED2227F5536000C0F5C3 /* XHShopViewController.m */,
				8AE9ED2427F553E400C0F5C3 /* XHMineViewController.h */,
				8AE9ED2527F553E400C0F5C3 /* XHMineViewController.m */,
			);
			path = ViewControllers;
			sourceTree = "<group>";
		};
		8AE9ED2027F5527400C0F5C3 /* BaseController */ = {
			isa = PBXGroup;
			children = (
				8AE78C9F27F2BCD900E79088 /* XHViewController.h */,
				8AE78CA027F2BCD900E79088 /* XHViewController.m */,
				8AE9ED1627F549E100C0F5C3 /* XHNavigationViewController.h */,
				8AE9ED1727F549E100C0F5C3 /* XHNavigationViewController.m */,
				8AE78CA527F2BDC800E79088 /* XHTabbarViewController.h */,
				8AE78CA627F2BDC800E79088 /* XHTabbarViewController.m */,
			);
			path = BaseController;
			sourceTree = "<group>";
		};
		8AF469BB27FE782F00259B78 /* OtherController */ = {
			isa = PBXGroup;
			children = (
				8AF469BC27FE78AC00259B78 /* XHTimerTestViewController.h */,
				8AF469BD27FE78AC00259B78 /* XHTimerTestViewController.m */,
			);
			path = OtherController;
			sourceTree = "<group>";
		};
/* End PBXGroup section */

/* Begin PBXNativeTarget section */
		8AE78C8A27F2BC7B00E79088 /* AllEmbracing */ = {
			isa = PBXNativeTarget;
			buildConfigurationList = 8AE78C9C27F2BC7D00E79088 /* Build configuration list for PBXNativeTarget "AllEmbracing" */;
			buildPhases = (
				8AE78C8727F2BC7B00E79088 /* Sources */,
				8AE78C8827F2BC7B00E79088 /* Frameworks */,
				8AE78C8927F2BC7B00E79088 /* Resources */,
			);
			buildRules = (
			);
			dependencies = (
			);
			name = AllEmbracing;
			productName = AllEmbracing;
			productReference = 8AE78C8B27F2BC7B00E79088 /* AllEmbracing.app */;
			productType = "com.apple.product-type.application";
		};
/* End PBXNativeTarget section */

/* Begin PBXProject section */
		8AE78C8327F2BC7B00E79088 /* Project object */ = {
			isa = PBXProject;
			attributes = {
				BuildIndependentTargetsInParallel = 1;
				CLASSPREFIX = XH;
				LastSwiftUpdateCheck = 1320;
				LastUpgradeCheck = 1320;
				ORGANIZATIONNAME = com.gexuhui.allembracing;
				TargetAttributes = {
					8AE78C8A27F2BC7B00E79088 = {
						CreatedOnToolsVersion = 13.2.1;
					};
				};
			};
			buildConfigurationList = 8AE78C8627F2BC7B00E79088 /* Build configuration list for PBXProject "AllEmbracing" */;
			compatibilityVersion = "Xcode 13.0";
			developmentRegion = en;
			hasScannedForEncodings = 0;
			knownRegions = (
				en,
				Base,
			);
			mainGroup = 8AE78C8227F2BC7B00E79088;
			productRefGroup = 8AE78C8C27F2BC7B00E79088 /* Products */;
			projectDirPath = "";
			projectRoot = "";
			targets = (
				8AE78C8A27F2BC7B00E79088 /* AllEmbracing */,
			);
		};
/* End PBXProject section */

/* Begin PBXResourcesBuildPhase section */
		8AE78C8927F2BC7B00E79088 /* Resources */ = {
			isa = PBXResourcesBuildPhase;
			buildActionMask = 2147483647;
			files = (
				8AE78C9427F2BC7D00E79088 /* Assets.xcassets in Resources */,
				8AE78C9727F2BC7D00E79088 /* LaunchScreen.storyboard in Resources */,
			);
			runOnlyForDeploymentPostprocessing = 0;
		};
/* End PBXResourcesBuildPhase section */

/* Begin PBXSourcesBuildPhase section */
		8AE78C8727F2BC7B00E79088 /* Sources */ = {
			isa = PBXSourcesBuildPhase;
			buildActionMask = 2147483647;
			files = (
				8AF469BE27FE78AC00259B78 /* XHTimerTestViewController.m in Sources */,
				8AE78CA727F2BDC800E79088 /* XHTabbarViewController.m in Sources */,
				8AE9ED1827F549E100C0F5C3 /* XHNavigationViewController.m in Sources */,
				8AE9ED2327F5536000C0F5C3 /* XHShopViewController.m in Sources */,
				8AE78C9927F2BC7D00E79088 /* main.m in Sources */,
				8AE78C9027F2BC7B00E79088 /* AppDelegate.m in Sources */,
				8AE9ED1F27F5526100C0F5C3 /* XHServiceViewController.m in Sources */,
				8AE78CA127F2BCD900E79088 /* XHViewController.m in Sources */,
				8AE9ED1C27F54B7700C0F5C3 /* XHHomeViewController.m in Sources */,
				8AE9ED2627F553E400C0F5C3 /* XHMineViewController.m in Sources */,
			);
			runOnlyForDeploymentPostprocessing = 0;
		};
/* End PBXSourcesBuildPhase section */

/* Begin PBXVariantGroup section */
		8AE78C9527F2BC7D00E79088 /* LaunchScreen.storyboard */ = {
			isa = PBXVariantGroup;
			children = (
				8AE78C9627F2BC7D00E79088 /* Base */,
			);
			name = LaunchScreen.storyboard;
			sourceTree = "<group>";
		};
/* End PBXVariantGroup section */

/* Begin XCBuildConfiguration section */
		8AE78C9A27F2BC7D00E79088 /* Debug */ = {
			isa = XCBuildConfiguration;
			buildSettings = {
				ALWAYS_SEARCH_USER_PATHS = NO;
				CLANG_ANALYZER_NONNULL = YES;
				CLANG_ANALYZER_NUMBER_OBJECT_CONVERSION = YES_AGGRESSIVE;
				CLANG_CXX_LANGUAGE_STANDARD = "gnu++17";
				CLANG_CXX_LIBRARY = "libc++";
				CLANG_ENABLE_MODULES = YES;
				CLANG_ENABLE_OBJC_ARC = YES;
				CLANG_ENABLE_OBJC_WEAK = YES;
				CLANG_WARN_BLOCK_CAPTURE_AUTORELEASING = YES;
				CLANG_WARN_BOOL_CONVERSION = YES;
				CLANG_WARN_COMMA = YES;
				CLANG_WARN_CONSTANT_CONVERSION = YES;
				CLANG_WARN_DEPRECATED_OBJC_IMPLEMENTATIONS = YES;
				CLANG_WARN_DIRECT_OBJC_ISA_USAGE = YES_ERROR;
				CLANG_WARN_DOCUMENTATION_COMMENTS = YES;
				CLANG_WARN_EMPTY_BODY = YES;
				CLANG_WARN_ENUM_CONVERSION = YES;
				CLANG_WARN_INFINITE_RECURSION = YES;
				CLANG_WARN_INT_CONVERSION = YES;
				CLANG_WARN_NON_LITERAL_NULL_CONVERSION = YES;
				CLANG_WARN_OBJC_IMPLICIT_RETAIN_SELF = YES;
				CLANG_WARN_OBJC_LITERAL_CONVERSION = YES;
				CLANG_WARN_OBJC_ROOT_CLASS = YES_ERROR;
				CLANG_WARN_QUOTED_INCLUDE_IN_FRAMEWORK_HEADER = YES;
				CLANG_WARN_RANGE_LOOP_ANALYSIS = YES;
				CLANG_WARN_STRICT_PROTOTYPES = YES;
				CLANG_WARN_SUSPICIOUS_MOVE = YES;
				CLANG_WARN_UNGUARDED_AVAILABILITY = YES_AGGRESSIVE;
				CLANG_WARN_UNREACHABLE_CODE = YES;
				CLANG_WARN__DUPLICATE_METHOD_MATCH = YES;
				COPY_PHASE_STRIP = NO;
				DEBUG_INFORMATION_FORMAT = dwarf;
				ENABLE_STRICT_OBJC_MSGSEND = YES;
				ENABLE_TESTABILITY = YES;
				GCC_C_LANGUAGE_STANDARD = gnu11;
				GCC_DYNAMIC_NO_PIC = NO;
				GCC_NO_COMMON_BLOCKS = YES;
				GCC_OPTIMIZATION_LEVEL = 0;
				GCC_PREPROCESSOR_DEFINITIONS = (
					"DEBUG=1",
					"$(inherited)",
				);
				GCC_WARN_64_TO_32_BIT_CONVERSION = YES;
				GCC_WARN_ABOUT_RETURN_TYPE = YES_ERROR;
				GCC_WARN_UNDECLARED_SELECTOR = YES;
				GCC_WARN_UNINITIALIZED_AUTOS = YES_AGGRESSIVE;
				GCC_WARN_UNUSED_FUNCTION = YES;
				GCC_WARN_UNUSED_VARIABLE = YES;
				IPHONEOS_DEPLOYMENT_TARGET = 9.0;
				MTL_ENABLE_DEBUG_INFO = INCLUDE_SOURCE;
				MTL_FAST_MATH = YES;
				ONLY_ACTIVE_ARCH = YES;
				SDKROOT = iphoneos;
			};
			name = Debug;
		};
		8AE78C9B27F2BC7D00E79088 /* Release */ = {
			isa = XCBuildConfiguration;
			buildSettings = {
				ALWAYS_SEARCH_USER_PATHS = NO;
				CLANG_ANALYZER_NONNULL = YES;
				CLANG_ANALYZER_NUMBER_OBJECT_CONVERSION = YES_AGGRESSIVE;
				CLANG_CXX_LANGUAGE_STANDARD = "gnu++17";
				CLANG_CXX_LIBRARY = "libc++";
				CLANG_ENABLE_MODULES = YES;
				CLANG_ENABLE_OBJC_ARC = YES;
				CLANG_ENABLE_OBJC_WEAK = YES;
				CLANG_WARN_BLOCK_CAPTURE_AUTORELEASING = YES;
				CLANG_WARN_BOOL_CONVERSION = YES;
				CLANG_WARN_COMMA = YES;
				CLANG_WARN_CONSTANT_CONVERSION = YES;
				CLANG_WARN_DEPRECATED_OBJC_IMPLEMENTATIONS = YES;
				CLANG_WARN_DIRECT_OBJC_ISA_USAGE = YES_ERROR;
				CLANG_WARN_DOCUMENTATION_COMMENTS = YES;
				CLANG_WARN_EMPTY_BODY = YES;
				CLANG_WARN_ENUM_CONVERSION = YES;
				CLANG_WARN_INFINITE_RECURSION = YES;
				CLANG_WARN_INT_CONVERSION = YES;
				CLANG_WARN_NON_LITERAL_NULL_CONVERSION = YES;
				CLANG_WARN_OBJC_IMPLICIT_RETAIN_SELF = YES;
				CLANG_WARN_OBJC_LITERAL_CONVERSION = YES;
				CLANG_WARN_OBJC_ROOT_CLASS = YES_ERROR;
				CLANG_WARN_QUOTED_INCLUDE_IN_FRAMEWORK_HEADER = YES;
				CLANG_WARN_RANGE_LOOP_ANALYSIS = YES;
				CLANG_WARN_STRICT_PROTOTYPES = YES;
				CLANG_WARN_SUSPICIOUS_MOVE = YES;
				CLANG_WARN_UNGUARDED_AVAILABILITY = YES_AGGRESSIVE;
				CLANG_WARN_UNREACHABLE_CODE = YES;
				CLANG_WARN__DUPLICATE_METHOD_MATCH = YES;
				COPY_PHASE_STRIP = NO;
				DEBUG_INFORMATION_FORMAT = "dwarf-with-dsym";
				ENABLE_NS_ASSERTIONS = NO;
				ENABLE_STRICT_OBJC_MSGSEND = YES;
				GCC_C_LANGUAGE_STANDARD = gnu11;
				GCC_NO_COMMON_BLOCKS = YES;
				GCC_WARN_64_TO_32_BIT_CONVERSION = YES;
				GCC_WARN_ABOUT_RETURN_TYPE = YES_ERROR;
				GCC_WARN_UNDECLARED_SELECTOR = YES;
				GCC_WARN_UNINITIALIZED_AUTOS = YES_AGGRESSIVE;
				GCC_WARN_UNUSED_FUNCTION = YES;
				GCC_WARN_UNUSED_VARIABLE = YES;
				IPHONEOS_DEPLOYMENT_TARGET = 9.0;
				MTL_ENABLE_DEBUG_INFO = NO;
				MTL_FAST_MATH = YES;
				SDKROOT = iphoneos;
				VALIDATE_PRODUCT = YES;
			};
			name = Release;
		};
		8AE78C9D27F2BC7D00E79088 /* Debug */ = {
			isa = XCBuildConfiguration;
			buildSettings = {
				ASSETCATALOG_COMPILER_APPICON_NAME = AppIcon;
				ASSETCATALOG_COMPILER_GLOBAL_ACCENT_COLOR_NAME = AccentColor;
				CODE_SIGN_STYLE = Automatic;
				CURRENT_PROJECT_VERSION = 1;
				DEVELOPMENT_TEAM = 58TWBJRA56;
				GENERATE_INFOPLIST_FILE = YES;
				INFOPLIST_KEY_UIApplicationSupportsIndirectInputEvents = YES;
				INFOPLIST_KEY_UILaunchStoryboardName = LaunchScreen;
				INFOPLIST_KEY_UISupportedInterfaceOrientations_iPad = "UIInterfaceOrientationPortrait UIInterfaceOrientationPortraitUpsideDown UIInterfaceOrientationLandscapeLeft UIInterfaceOrientationLandscapeRight";
				INFOPLIST_KEY_UISupportedInterfaceOrientations_iPhone = "UIInterfaceOrientationPortrait UIInterfaceOrientationLandscapeLeft UIInterfaceOrientationLandscapeRight";
				LD_RUNPATH_SEARCH_PATHS = (
					"$(inherited)",
					"@executable_path/Frameworks",
				);
				MARKETING_VERSION = 1.0;
				PRODUCT_BUNDLE_IDENTIFIER = com.xuhuige.app.AllEmbracing;
				PRODUCT_NAME = "$(TARGET_NAME)";
				SWIFT_EMIT_LOC_STRINGS = YES;
				TARGETED_DEVICE_FAMILY = "1,2";
			};
			name = Debug;
		};
		8AE78C9E27F2BC7D00E79088 /* Release */ = {
			isa = XCBuildConfiguration;
			buildSettings = {
				ASSETCATALOG_COMPILER_APPICON_NAME = AppIcon;
				ASSETCATALOG_COMPILER_GLOBAL_ACCENT_COLOR_NAME = AccentColor;
				CODE_SIGN_STYLE = Automatic;
				CURRENT_PROJECT_VERSION = 1;
				DEVELOPMENT_TEAM = 58TWBJRA56;
				GENERATE_INFOPLIST_FILE = YES;
				INFOPLIST_KEY_UIApplicationSupportsIndirectInputEvents = YES;
				INFOPLIST_KEY_UILaunchStoryboardName = LaunchScreen;
				INFOPLIST_KEY_UISupportedInterfaceOrientations_iPad = "UIInterfaceOrientationPortrait UIInterfaceOrientationPortraitUpsideDown UIInterfaceOrientationLandscapeLeft UIInterfaceOrientationLandscapeRight";
				INFOPLIST_KEY_UISupportedInterfaceOrientations_iPhone = "UIInterfaceOrientationPortrait UIInterfaceOrientationLandscapeLeft UIInterfaceOrientationLandscapeRight";
				LD_RUNPATH_SEARCH_PATHS = (
					"$(inherited)",
					"@executable_path/Frameworks",
				);
				MARKETING_VERSION = 1.0;
				PRODUCT_BUNDLE_IDENTIFIER = com.xuhuige.app.AllEmbracing;
				PRODUCT_NAME = "$(TARGET_NAME)";
				SWIFT_EMIT_LOC_STRINGS = YES;
				TARGETED_DEVICE_FAMILY = "1,2";
			};
			name = Release;
		};
/* End XCBuildConfiguration section */

/* Begin XCConfigurationList section */
		8AE78C8627F2BC7B00E79088 /* Build configuration list for PBXProject "AllEmbracing" */ = {
			isa = XCConfigurationList;
			buildConfigurations = (
				8AE78C9A27F2BC7D00E79088 /* Debug */,
				8AE78C9B27F2BC7D00E79088 /* Release */,
			);
			defaultConfigurationIsVisible = 0;
			defaultConfigurationName = Release;
		};
		8AE78C9C27F2BC7D00E79088 /* Build configuration list for PBXNativeTarget "AllEmbracing" */ = {
			isa = XCConfigurationList;
			buildConfigurations = (
				8AE78C9D27F2BC7D00E79088 /* Debug */,
				8AE78C9E27F2BC7D00E79088 /* Release */,
			);
			defaultConfigurationIsVisible = 0;
			defaultConfigurationName = Release;
		};
/* End XCConfigurationList section */
	};
	rootObject = 8AE78C8327F2BC7B00E79088 /* Project object */;
}
